
Microsoft Visual Studio Solution File, Format Version 12.00
# Visual Studio 15
VisualStudioVersion = 15.0.26124.0
MinimumVisualStudioVersion = 15.0.26124.0
Project("{2150E333-8FDC-42A3-9474-1A3956D46DE8}") = "src", "src", "{2C3A5F94-592F-42CD-A61C-30153C9ABF03}"
EndProject
Project("{FAE04EC0-301F-11D3-BF4B-00C04F79EFBC}") = "checkout", "src\checkout\checkout.csproj", "{6482FEA2-7566-4235-A257-8464604B122F}"
EndProject
Project("{2150E333-8FDC-42A3-9474-1A3956D46DE8}") = "test", "test", "{FCE12D55-3CB2-43B4-84B1-A10668955FDA}"
EndProject
Project("{FAE04EC0-301F-11D3-BF4B-00C04F79EFBC}") = "checkout.tests", "test\checkout.tests\checkout.tests.csproj", "{9930A1D3-30B3-4621-82DE-0378FCE6C3B5}"
EndProject
Global
	GlobalSection(SolutionConfigurationPlatforms) = preSolution
		Debug|Any CPU = Debug|Any CPU
		Debug|x64 = Debug|x64
		Debug|x86 = Debug|x86
		Release|Any CPU = Release|Any CPU
		Release|x64 = Release|x64
		Release|x86 = Release|x86
	EndGlobalSection
	GlobalSection(SolutionProperties) = preSolution
		HideSolutionNode = FALSE
	EndGlobalSection
	GlobalSection(ProjectConfigurationPlatforms) = postSolution
		{6482FEA2-7566-4235-A257-8464604B122F}.Debug|Any CPU.ActiveCfg = Debug|Any CPU
		{6482FEA2-7566-4235-A257-8464604B122F}.Debug|Any CPU.Build.0 = Debug|Any CPU
		{6482FEA2-7566-4235-A257-8464604B122F}.Debug|x64.ActiveCfg = Debug|Any CPU
		{6482FEA2-7566-4235-A257-8464604B122F}.Debug|x64.Build.0 = Debug|Any CPU
		{6482FEA2-7566-4235-A257-8464604B122F}.Debug|x86.ActiveCfg = Debug|Any CPU
		{6482FEA2-7566-4235-A257-8464604B122F}.Debug|x86.Build.0 = Debug|Any CPU
		{6482FEA2-7566-4235-A257-8464604B122F}.Release|Any CPU.ActiveCfg = Release|Any CPU
		{6482FEA2-7566-4235-A257-8464604B122F}.Release|Any CPU.Build.0 = Release|Any CPU
		{6482FEA2-7566-4235-A257-8464604B122F}.Release|x64.ActiveCfg = Release|Any CPU
		{6482FEA2-7566-4235-A257-8464604B122F}.Release|x64.Build.0 = Release|Any CPU
		{6482FEA2-7566-4235-A257-8464604B122F}.Release|x86.ActiveCfg = Release|Any CPU
		{6482FEA2-7566-4235-A257-8464604B122F}.Release|x86.Build.0 = Release|Any CPU
		{9930A1D3-30B3-4621-82DE-0378FCE6C3B5}.Debug|Any CPU.ActiveCfg = Debug|Any CPU
		{9930A1D3-30B3-4621-82DE-0378FCE6C3B5}.Debug|Any CPU.Build.0 = Debug|Any CPU
		{9930A1D3-30B3-4621-82DE-0378FCE6C3B5}.Debug|x64.ActiveCfg = Debug|Any CPU
		{9930A1D3-30B3-4621-82DE-0378FCE6C3B5}.Debug|x64.Build.0 = Debug|Any CPU
		{9930A1D3-30B3-4621-82DE-0378FCE6C3B5}.Debug|x86.ActiveCfg = Debug|Any CPU
		{9930A1D3-30B3-4621-82DE-0378FCE6C3B5}.Debug|x86.Build.0 = Debug|Any CPU
		{9930A1D3-30B3-4621-82DE-0378FCE6C3B5}.Release|Any CPU.ActiveCfg = Release|Any CPU
		{9930A1D3-30B3-4621-82DE-0378FCE6C3B5}.Release|Any CPU.Build.0 = Release|Any CPU
		{9930A1D3-30B3-4621-82DE-0378FCE6C3B5}.Release|x64.ActiveCfg = Release|Any CPU
		{9930A1D3-30B3-4621-82DE-0378FCE6C3B5}.Release|x64.Build.0 = Release|Any CPU
		{9930A1D3-30B3-4621-82DE-0378FCE6C3B5}.Release|x86.ActiveCfg = Release|Any CPU
		{9930A1D3-30B3-4621-82DE-0378FCE6C3B5}.Release|x86.Build.0 = Release|Any CPU
	EndGlobalSection
	GlobalSection(NestedProjects) = preSolution
		{6482FEA2-7566-4235-A257-8464604B122F} = {2C3A5F94-592F-42CD-A61C-30153C9ABF03}
		{9930A1D3-30B3-4621-82DE-0378FCE6C3B5} = {FCE12D55-3CB2-43B4-84B1-A10668955FDA}
	EndGlobalSection
EndGlobal
